
Microsoft Visual Studio Solution File, Format Version 12.00
# Visual Studio Version 17
VisualStudioVersion = 17.1.32407.343
MinimumVisualStudioVersion = 10.0.40219.1
Project("{FAE04EC0-301F-11D3-BF4B-00C04F79EFBC}") = "RNG", "RNG\RNG.csproj", "{F93A77F9-723B-4902-87AA-8B5C7B3D0D82}"
EndProject
Global
	GlobalSection(SolutionConfigurationPlatforms) = preSolution
		Debug|Any CPU = Debug|Any CPU
		Release|Any CPU = Release|Any CPU
	EndGlobalSection
	GlobalSection(ProjectConfigurationPlatforms) = postSolution
		{F93A77F9-723B-4902-87AA-8B5C7B3D0D82}.Debug|Any CPU.ActiveCfg = Debug|Any CPU
		{F93A77F9-723B-4902-87AA-8B5C7B3D0D82}.Debug|Any CPU.Build.0 = Debug|Any CPU
		{F93A77F9-723B-4902-87AA-8B5C7B3D0D82}.Release|Any CPU.ActiveCfg = Release|Any CPU
		{F93A77F9-723B-4902-87AA-8B5C7B3D0D82}.Release|Any CPU.Build.0 = Release|Any CPU
	EndGlobalSection
	GlobalSection(SolutionProperties) = preSolution
		HideSolutionNode = FALSE
	EndGlobalSection
	GlobalSection(ExtensibilityGlobals) = postSolution
		SolutionGuid = {58EFE995-E396-4584-B0C3-B07642ACE74A}
	EndGlobalSection
EndGlobal
